dependencies:
- name: kafka
  repository: https://charts.bitnami.com/bitnami
  version: 14.1.0
- name: postgresql
  repository: https://charts.bitnami.com/bitnami
  version: 10.9.6
- name: airflow
  repository: https://airflow.apache.org
  version: 1.1.0
digest: sha256:4c0cf1340c086510baa378070fa28dfe7f9b266073671d6bc35e740d1814e398
generated: "2021-09-15T21:53:02.2315421-07:00"
