dependencies:
- name: kafka
  repository: https://charts.bitnami.com/bitnami
  version: 14.1.0
- name: postgresql
  repository: https://charts.bitnami.com/bitnami
  version: 10.9.6
- name: airflow
  repository: https://airflow.apache.org
  version: 1.1.0
digest: sha256:47f4c226a1838c1b31905faedb04face614179b22aee80b5cf29f329aabee237
generated: "2021-09-17T02:40:05.8887597-07:00"
